
Microsoft Visual Studio Solution File, Format Version 12.00
# Visual Studio Version 17
VisualStudioVersion = 17.13.35818.85
MinimumVisualStudioVersion = 10.0.40219.1
Project("{FAE04EC0-301F-11D3-BF4B-00C04F79EFBC}") = "WebThayAnh", "WebThayAnh\WebThayAnh.csproj", "{320E019A-910D-4A54-8164-C039AFF464F0}"
EndProject
Project("{FAE04EC0-301F-11D3-BF4B-00C04F79EFBC}") = "DemoDbFirst", "DemoDbFirst\DemoDbFirst.csproj", "{811CAB92-F84B-4E17-95BE-C5936052A78E}"
EndProject
Global
	GlobalSection(SolutionConfigurationPlatforms) = preSolution
		Debug|Any CPU = Debug|Any CPU
		Release|Any CPU = Release|Any CPU
	EndGlobalSection
	GlobalSection(ProjectConfigurationPlatforms) = postSolution
		{320E019A-910D-4A54-8164-C039AFF464F0}.Debug|Any CPU.ActiveCfg = Debug|Any CPU
		{320E019A-910D-4A54-8164-C039AFF464F0}.Debug|Any CPU.Build.0 = Debug|Any CPU
		{320E019A-910D-4A54-8164-C039AFF464F0}.Release|Any CPU.ActiveCfg = Release|Any CPU
		{320E019A-910D-4A54-8164-C039AFF464F0}.Release|Any CPU.Build.0 = Release|Any CPU
		{811CAB92-F84B-4E17-95BE-C5936052A78E}.Debug|Any CPU.ActiveCfg = Debug|Any CPU
		{811CAB92-F84B-4E17-95BE-C5936052A78E}.Debug|Any CPU.Build.0 = Debug|Any CPU
		{811CAB92-F84B-4E17-95BE-C5936052A78E}.Release|Any CPU.ActiveCfg = Release|Any CPU
		{811CAB92-F84B-4E17-95BE-C5936052A78E}.Release|Any CPU.Build.0 = Release|Any CPU
	EndGlobalSection
	GlobalSection(SolutionProperties) = preSolution
		HideSolutionNode = FALSE
	EndGlobalSection
	GlobalSection(ExtensibilityGlobals) = postSolution
		SolutionGuid = {73AA8CC4-C4B3-4910-BB1B-A7D86ADCEE3A}
	EndGlobalSection
EndGlobal
